
Microsoft Visual Studio Solution File, Format Version 12.00
# Visual Studio Version 17
VisualStudioVersion = 17.4.33213.308
MinimumVisualStudioVersion = 10.0.40219.1
Project("{FAE04EC0-301F-11D3-BF4B-00C04F79EFBC}") = "AbrahamCGPruebaTecnica", "AbrahamCGPruebaTecnica.csproj", "{004D245D-3B31-474D-B3F9-27B1A4160DDD}"
EndProject
Global
	GlobalSection(SolutionConfigurationPlatforms) = preSolution
		Debug|Any CPU = Debug|Any CPU
		Release|Any CPU = Release|Any CPU
	EndGlobalSection
	GlobalSection(ProjectConfigurationPlatforms) = postSolution
		{004D245D-3B31-474D-B3F9-27B1A4160DDD}.Debug|Any CPU.ActiveCfg = Debug|Any CPU
		{004D245D-3B31-474D-B3F9-27B1A4160DDD}.Debug|Any CPU.Build.0 = Debug|Any CPU
		{004D245D-3B31-474D-B3F9-27B1A4160DDD}.Release|Any CPU.ActiveCfg = Release|Any CPU
		{004D245D-3B31-474D-B3F9-27B1A4160DDD}.Release|Any CPU.Build.0 = Release|Any CPU
	EndGlobalSection
	GlobalSection(SolutionProperties) = preSolution
		HideSolutionNode = FALSE
	EndGlobalSection
	GlobalSection(ExtensibilityGlobals) = postSolution
		SolutionGuid = {99425904-7A57-4AE0-A005-BC87326EE928}
	EndGlobalSection
EndGlobal
